# This file is automatically @generated by Cargo.
# It is not intended for manual editing.
version = 4

[[package]]
name = "game-core"
version = "0.1.0"
dependencies = [
 "game-platform",
]

[[package]]
name = "game-data"
version = "0.1.0"

[[package]]
name = "game-oracle"
version = "0.1.0"
dependencies = [
 "game-core",
]

[[package]]
name = "game-platform"
version = "0.1.0"
